
Microsoft Visual Studio Solution File, Format Version 12.00
# Visual Studio Version 17
VisualStudioVersion = 17.9.34616.47
MinimumVisualStudioVersion = 10.0.40219.1
Project("{FAE04EC0-301F-11D3-BF4B-00C04F79EFBC}") = "MauiApp1", "MauiApp1.csproj", "{EB2B33C3-81EC-40E5-84F6-6C897715B2AE}"
EndProject
Global
	GlobalSection(SolutionConfigurationPlatforms) = preSolution
		Debug|Any CPU = Debug|Any CPU
		Release|Any CPU = Release|Any CPU
	EndGlobalSection
	GlobalSection(ProjectConfigurationPlatforms) = postSolution
		{EB2B33C3-81EC-40E5-84F6-6C897715B2AE}.Debug|Any CPU.ActiveCfg = Debug|Any CPU
		{EB2B33C3-81EC-40E5-84F6-6C897715B2AE}.Debug|Any CPU.Build.0 = Debug|Any CPU
		{EB2B33C3-81EC-40E5-84F6-6C897715B2AE}.Debug|Any CPU.Deploy.0 = Debug|Any CPU
		{EB2B33C3-81EC-40E5-84F6-6C897715B2AE}.Release|Any CPU.ActiveCfg = Release|Any CPU
		{EB2B33C3-81EC-40E5-84F6-6C897715B2AE}.Release|Any CPU.Build.0 = Release|Any CPU
		{EB2B33C3-81EC-40E5-84F6-6C897715B2AE}.Release|Any CPU.Deploy.0 = Release|Any CPU
	EndGlobalSection
	GlobalSection(SolutionProperties) = preSolution
		HideSolutionNode = FALSE
	EndGlobalSection
	GlobalSection(ExtensibilityGlobals) = postSolution
		SolutionGuid = {173325A5-AD27-4068-92C9-32A26C054853}
	EndGlobalSection
EndGlobal
